
Microsoft Visual Studio Solution File, Format Version 12.00
# Visual Studio Version 16
VisualStudioVersion = 16.0.30804.86
MinimumVisualStudioVersion = 10.0.40219.1
Project("{FAE04EC0-301F-11D3-BF4B-00C04F79EFBC}") = "MVCProject", "MVCProject.csproj", "{94ED5CEF-3D5C-4B95-A9DF-BA96615DD9DB}"
EndProject
Global
	GlobalSection(SolutionConfigurationPlatforms) = preSolution
		Debug|Any CPU = Debug|Any CPU
		Release|Any CPU = Release|Any CPU
	EndGlobalSection
	GlobalSection(ProjectConfigurationPlatforms) = postSolution
		{94ED5CEF-3D5C-4B95-A9DF-BA96615DD9DB}.Debug|Any CPU.ActiveCfg = Debug|Any CPU
		{94ED5CEF-3D5C-4B95-A9DF-BA96615DD9DB}.Debug|Any CPU.Build.0 = Debug|Any CPU
		{94ED5CEF-3D5C-4B95-A9DF-BA96615DD9DB}.Release|Any CPU.ActiveCfg = Release|Any CPU
		{94ED5CEF-3D5C-4B95-A9DF-BA96615DD9DB}.Release|Any CPU.Build.0 = Release|Any CPU
	EndGlobalSection
	GlobalSection(SolutionProperties) = preSolution
		HideSolutionNode = FALSE
	EndGlobalSection
	GlobalSection(ExtensibilityGlobals) = postSolution
		SolutionGuid = {8E2BFB22-B6CE-4DC1-9774-85155DF39717}
	EndGlobalSection
EndGlobal
